
Microsoft Visual Studio Solution File, Format Version 12.00
# Visual Studio Version 16
VisualStudioVersion = 16.0.31410.357
MinimumVisualStudioVersion = 10.0.40219.1
Project("{FAE04EC0-301F-11D3-BF4B-00C04F79EFBC}") = "HookApplication", "HookApplication\HookApplication.csproj", "{4A709B19-E874-4B8E-BEDB-AECDBE3A71B1}"
EndProject
Global
	GlobalSection(SolutionConfigurationPlatforms) = preSolution
		Debug|Any CPU = Debug|Any CPU
		Release|Any CPU = Release|Any CPU
	EndGlobalSection
	GlobalSection(ProjectConfigurationPlatforms) = postSolution
		{4A709B19-E874-4B8E-BEDB-AECDBE3A71B1}.Debug|Any CPU.ActiveCfg = Debug|Any CPU
		{4A709B19-E874-4B8E-BEDB-AECDBE3A71B1}.Debug|Any CPU.Build.0 = Debug|Any CPU
		{4A709B19-E874-4B8E-BEDB-AECDBE3A71B1}.Release|Any CPU.ActiveCfg = Release|Any CPU
		{4A709B19-E874-4B8E-BEDB-AECDBE3A71B1}.Release|Any CPU.Build.0 = Release|Any CPU
	EndGlobalSection
	GlobalSection(SolutionProperties) = preSolution
		HideSolutionNode = FALSE
	EndGlobalSection
	GlobalSection(ExtensibilityGlobals) = postSolution
		SolutionGuid = {EEAF4C9A-423A-42CC-A918-45AE526871F6}
	EndGlobalSection
EndGlobal
